<?xml version="1.0" encoding="utf-8"?>
<Project ToolsVersion="4.0" xmlns="http://schemas.microsoft.com/developer/msbuild/2003">
  <ItemGroup>
    <Filter Include="Blimp">
      <UniqueIdentifier>{7957E60C-E56B-0EBE-AEED-B11D1AC10AEF}</UniqueIdentifier>
    </Filter>
    <Filter Include="Blimp\Events">
      <UniqueIdentifier>{3DC111A4-2924-A148-D2A9-D9FEBEEB6CCB}</UniqueIdentifier>
    </Filter>
    <Filter Include="Platform">
      <UniqueIdentifier>{2AC788B4-1694-E3BF-3FAD-D1672BD9184E}</UniqueIdentifier>
    </Filter>
    <Filter Include="Platform\Linux">
      <UniqueIdentifier>{C9310D94-B5FF-009A-9E93-71C08A00DDFE}</UniqueIdentifier>
    </Filter>
    <Filter Include="Platform\Windows">
      <UniqueIdentifier>{64FBD71A-50F4-F66C-7926-DCF1657ED678}</UniqueIdentifier>
    </Filter>
  </ItemGroup>
  <ItemGroup>
    <ClInclude Include="src\Blimp.h" />
    <ClInclude Include="src\Blimp\Application.h">
      <Filter>Blimp</Filter>
    </ClInclude>
    <ClInclude Include="src\Blimp\Core.h">
      <Filter>Blimp</Filter>
    </ClInclude>
    <ClInclude Include="src\Blimp\EntryPoint.h">
      <Filter>Blimp</Filter>
    </ClInclude>
    <ClInclude Include="src\Blimp\Events\ApplicationEvent.h">
      <Filter>Blimp\Events</Filter>
    </ClInclude>
    <ClInclude Include="src\Blimp\Events\Event.h">
      <Filter>Blimp\Events</Filter>
    </ClInclude>
    <ClInclude Include="src\Blimp\Events\EventFormatter.h">
      <Filter>Blimp\Events</Filter>
    </ClInclude>
    <ClInclude Include="src\Blimp\Events\KeyEvent.h">
      <Filter>Blimp\Events</Filter>
    </ClInclude>
    <ClInclude Include="src\Blimp\Events\MouseEvent.h">
      <Filter>Blimp\Events</Filter>
    </ClInclude>
    <ClInclude Include="src\Blimp\Log.h">
      <Filter>Blimp</Filter>
    </ClInclude>
    <ClInclude Include="src\Blimp\Window.h">
      <Filter>Blimp</Filter>
    </ClInclude>
    <ClInclude Include="src\Platform\Linux\LinuxWindow.h">
      <Filter>Platform\Linux</Filter>
    </ClInclude>
    <ClInclude Include="src\Platform\Windows\WindowsWindow.h">
      <Filter>Platform\Windows</Filter>
    </ClInclude>
    <ClInclude Include="src\pch.h" />
  </ItemGroup>
  <ItemGroup>
    <ClCompile Include="src\Blimp\Application.cpp">
      <Filter>Blimp</Filter>
    </ClCompile>
    <ClCompile Include="src\Blimp\Log.cpp">
      <Filter>Blimp</Filter>
    </ClCompile>
    <ClCompile Include="src\Blimp\Window.cpp">
      <Filter>Blimp</Filter>
    </ClCompile>
    <ClCompile Include="src\Platform\Linux\LinuxWindow.cpp">
      <Filter>Platform\Linux</Filter>
    </ClCompile>
    <ClCompile Include="src\Platform\Windows\WindowsWindow.cpp">
      <Filter>Platform\Windows</Filter>
    </ClCompile>
    <ClCompile Include="src\pch.cpp" />
  </ItemGroup>
</Project>