<?xml version="1.0" encoding="utf-8"?>
<Project ToolsVersion="4.0" xmlns="http://schemas.microsoft.com/developer/msbuild/2003">
  <ItemGroup>
    <Filter Include="Blimp">
      <UniqueIdentifier>{7957E60C-E56B-0EBE-AEED-B11D1AC10AEF}</UniqueIdentifier>
    </Filter>
  </ItemGroup>
  <ItemGroup>
    <ClInclude Include="src\Blimp.h" />
    <ClInclude Include="src\Blimp\Application.h">
      <Filter>Blimp</Filter>
    </ClInclude>
    <ClInclude Include="src\Blimp\Core.h">
      <Filter>Blimp</Filter>
    </ClInclude>
    <ClInclude Include="src\Blimp\EntryPoint.h">
      <Filter>Blimp</Filter>
    </ClInclude>
    <ClInclude Include="src\Blimp\Log.h">
      <Filter>Blimp</Filter>
    </ClInclude>
  </ItemGroup>
  <ItemGroup>
    <ClCompile Include="src\Blimp\Application.cpp">
      <Filter>Blimp</Filter>
    </ClCompile>
    <ClCompile Include="src\Blimp\log.cpp">
      <Filter>Blimp</Filter>
    </ClCompile>
  </ItemGroup>
</Project>